
Microsoft Visual Studio Solution File, Format Version 12.00
# Visual Studio Version 17
VisualStudioVersion = 17.5.002.0
MinimumVisualStudioVersion = 10.0.40219.1
Project("{9A19103F-16F7-4668-BE54-9A1E7A4F7556}") = "showdomilhao", "showdomilhao\showdomilhao.csproj", "{0E5C3367-DE78-4CCC-AC2F-EAC19794E121}"
EndProject
Global
	GlobalSection(SolutionConfigurationPlatforms) = preSolution
		Debug|Any CPU = Debug|Any CPU
		Release|Any CPU = Release|Any CPU
	EndGlobalSection
	GlobalSection(ProjectConfigurationPlatforms) = postSolution
		{0E5C3367-DE78-4CCC-AC2F-EAC19794E121}.Debug|Any CPU.ActiveCfg = Debug|Any CPU
		{0E5C3367-DE78-4CCC-AC2F-EAC19794E121}.Debug|Any CPU.Build.0 = Debug|Any CPU
		{0E5C3367-DE78-4CCC-AC2F-EAC19794E121}.Release|Any CPU.ActiveCfg = Release|Any CPU
		{0E5C3367-DE78-4CCC-AC2F-EAC19794E121}.Release|Any CPU.Build.0 = Release|Any CPU
	EndGlobalSection
	GlobalSection(SolutionProperties) = preSolution
		HideSolutionNode = FALSE
	EndGlobalSection
	GlobalSection(ExtensibilityGlobals) = postSolution
		SolutionGuid = {2411525C-3CED-4C08-BCE6-006D36F62E70}
	EndGlobalSection
EndGlobal
